// !$*UTF8*$!
{
	archiveVersion = 1;
	classes = {
	};
	objectVersion = 48;
	objects = {

/* Begin PBXBuildFile section */
		54A7BD1F205733BB002F9E04 /* AppDelegate.swift in Sources */ = {isa = PBXBuildFile; fileRef = 54A7BD1E205733BB002F9E04 /* AppDelegate.swift */; };
		54A7BD24205733BB002F9E04 /* Main.storyboard in Resources */ = {isa = PBXBuildFile; fileRef = 54A7BD22205733BB002F9E04 /* Main.storyboard */; };
		54A7BD26205733BB002F9E04 /* Assets.xcassets in Resources */ = {isa = PBXBuildFile; fileRef = 54A7BD25205733BB002F9E04 /* Assets.xcassets */; };
		54A7BD29205733BB002F9E04 /* LaunchScreen.storyboard in Resources */ = {isa = PBXBuildFile; fileRef = 54A7BD27205733BB002F9E04 /* LaunchScreen.storyboard */; };
		54A7BD34205733BB002F9E04 /* canvasTests.swift in Sources */ = {isa = PBXBuildFile; fileRef = 54A7BD33205733BB002F9E04 /* canvasTests.swift */; };
		54A7BD3F205733BB002F9E04 /* canvasUITests.swift in Sources */ = {isa = PBXBuildFile; fileRef = 54A7BD3E205733BB002F9E04 /* canvasUITests.swift */; };
		54A7BD4E20573617002F9E04 /* CanvasViewController.swift in Sources */ = {isa = PBXBuildFile; fileRef = 54A7BD4D20573617002F9E04 /* CanvasViewController.swift */; };
/* End PBXBuildFile section */

/* Begin PBXContainerItemProxy section */
		54A7BD30205733BB002F9E04 /* PBXContainerItemProxy */ = {
			isa = PBXContainerItemProxy;
			containerPortal = 54A7BD13205733BB002F9E04 /* Project object */;
			proxyType = 1;
			remoteGlobalIDString = 54A7BD1A205733BB002F9E04;
			remoteInfo = canvas;
		};
		54A7BD3B205733BB002F9E04 /* PBXContainerItemProxy */ = {
			isa = PBXContainerItemProxy;
			containerPortal = 54A7BD13205733BB002F9E04 /* Project object */;
			proxyType = 1;
			remoteGlobalIDString = 54A7BD1A205733BB002F9E04;
			remoteInfo = canvas;
		};
/* End PBXContainerItemProxy section */

/* Begin PBXFileReference section */
		54A7BD1B205733BB002F9E04 /* canvas.app */ = {isa = PBXFileReference; explicitFileType = wrapper.application; includeInIndex = 0; path = canvas.app; sourceTree = BUILT_PRODUCTS_DIR; };
		54A7BD1E205733BB002F9E04 /* AppDelegate.swift */ = {isa = PBXFileReference; lastKnownFileType = sourcecode.swift; path = AppDelegate.swift; sourceTree = "<group>"; };
		54A7BD23205733BB002F9E04 /* Base */ = {isa = PBXFileReference; lastKnownFileType = file.storyboard; name = Base; path = Base.lproj/Main.storyboard; sourceTree = "<group>"; };
		54A7BD25205733BB002F9E04 /* Assets.xcassets */ = {isa = PBXFileReference; lastKnownFileType = folder.assetcatalog; path = Assets.xcassets; sourceTree = "<group>"; };
		54A7BD28205733BB002F9E04 /* Base */ = {isa = PBXFileReference; lastKnownFileType = file.storyboard; name = Base; path = Base.lproj/LaunchScreen.storyboard; sourceTree = "<group>"; };
		54A7BD2A205733BB002F9E04 /* Info.plist */ = {isa = PBXFileReference; lastKnownFileType = text.plist.xml; path = Info.plist; sourceTree = "<group>"; };
		54A7BD2F205733BB002F9E04 /* canvasTests.xctest */ = {isa = PBXFileReference; explicitFileType = wrapper.cfbundle; includeInIndex = 0; path = canvasTests.xctest; sourceTree = BUILT_PRODUCTS_DIR; };
		54A7BD33205733BB002F9E04 /* canvasTests.swift */ = {isa = PBXFileReference; lastKnownFileType = sourcecode.swift; path = canvasTests.swift; sourceTree = "<group>"; };
		54A7BD35205733BB002F9E04 /* Info.plist */ = {isa = PBXFileReference; lastKnownFileType = text.plist.xml; path = Info.plist; sourceTree = "<group>"; };
		54A7BD3A205733BB002F9E04 /* canvasUITests.xctest */ = {isa = PBXFileReference; explicitFileType = wrapper.cfbundle; includeInIndex = 0; path = canvasUITests.xctest; sourceTree = BUILT_PRODUCTS_DIR; };
		54A7BD3E205733BB002F9E04 /* canvasUITests.swift */ = {isa = PBXFileReference; lastKnownFileType = sourcecode.swift; path = canvasUITests.swift; sourceTree = "<group>"; };
		54A7BD40205733BB002F9E04 /* Info.plist */ = {isa = PBXFileReference; lastKnownFileType = text.plist.xml; path = Info.plist; sourceTree = "<group>"; };
		54A7BD4D20573617002F9E04 /* CanvasViewController.swift */ = {isa = PBXFileReference; lastKnownFileType = sourcecode.swift; path = CanvasViewController.swift; sourceTree = "<group>"; };
/* End PBXFileReference section */

/* Begin PBXFrameworksBuildPhase section */
		54A7BD18205733BB002F9E04 /* Frameworks */ = {
			isa = PBXFrameworksBuildPhase;
			buildActionMask = 2147483647;
			files = (
			);
			runOnlyForDeploymentPostprocessing = 0;
		};
		54A7BD2C205733BB002F9E04 /* Frameworks */ = {
			isa = PBXFrameworksBuildPhase;
			buildActionMask = 2147483647;
			files = (
			);
			runOnlyForDeploymentPostprocessing = 0;
		};
		54A7BD37205733BB002F9E04 /* Frameworks */ = {
			isa = PBXFrameworksBuildPhase;
			buildActionMask = 2147483647;
			files = (
			);
			runOnlyForDeploymentPostprocessing = 0;
		};
/* End PBXFrameworksBuildPhase section */

/* Begin PBXGroup section */
		54A7BD12205733BB002F9E04 = {
			isa = PBXGroup;
			children = (
				54A7BD1D205733BB002F9E04 /* canvas */,
				54A7BD32205733BB002F9E04 /* canvasTests */,
				54A7BD3D205733BB002F9E04 /* canvasUITests */,
				54A7BD1C205733BB002F9E04 /* Products */,
			);
			sourceTree = "<group>";
		};
		54A7BD1C205733BB002F9E04 /* Products */ = {
			isa = PBXGroup;
			children = (
				54A7BD1B205733BB002F9E04 /* canvas.app */,
				54A7BD2F205733BB002F9E04 /* canvasTests.xctest */,
				54A7BD3A205733BB002F9E04 /* canvasUITests.xctest */,
			);
			name = Products;
			sourceTree = "<group>";
		};
		54A7BD1D205733BB002F9E04 /* canvas */ = {
			isa = PBXGroup;
			children = (
				54A7BD22205733BB002F9E04 /* Main.storyboard */,
				54A7BD27205733BB002F9E04 /* LaunchScreen.storyboard */,
				54A7BD1E205733BB002F9E04 /* AppDelegate.swift */,
				54A7BD4C205735F7002F9E04 /* viewControllers */,
				54A7BD25205733BB002F9E04 /* Assets.xcassets */,
				54A7BD2A205733BB002F9E04 /* Info.plist */,
			);
			path = canvas;
			sourceTree = "<group>";
		};
		54A7BD32205733BB002F9E04 /* canvasTests */ = {
			isa = PBXGroup;
			children = (
				54A7BD33205733BB002F9E04 /* canvasTests.swift */,
				54A7BD35205733BB002F9E04 /* Info.plist */,
			);
			path = canvasTests;
			sourceTree = "<group>";
		};
		54A7BD3D205733BB002F9E04 /* canvasUITests */ = {
			isa = PBXGroup;
			children = (
				54A7BD3E205733BB002F9E04 /* canvasUITests.swift */,
				54A7BD40205733BB002F9E04 /* Info.plist */,
			);
			path = canvasUITests;
			sourceTree = "<group>";
		};
		54A7BD4C205735F7002F9E04 /* viewControllers */ = {
			isa = PBXGroup;
			children = (
				54A7BD4D20573617002F9E04 /* CanvasViewController.swift */,
			);
			path = viewControllers;
			sourceTree = "<group>";
		};
/* End PBXGroup section */

/* Begin PBXNativeTarget section */
		54A7BD1A205733BB002F9E04 /* canvas */ = {
			isa = PBXNativeTarget;
			buildConfigurationList = 54A7BD43205733BB002F9E04 /* Build configuration list for PBXNativeTarget "canvas" */;
			buildPhases = (
				54A7BD17205733BB002F9E04 /* Sources */,
				54A7BD18205733BB002F9E04 /* Frameworks */,
				54A7BD19205733BB002F9E04 /* Resources */,
			);
			buildRules = (
			);
			dependencies = (
			);
			name = canvas;
			productName = canvas;
			productReference = 54A7BD1B205733BB002F9E04 /* canvas.app */;
			productType = "com.apple.product-type.application";
		};
		54A7BD2E205733BB002F9E04 /* canvasTests */ = {
			isa = PBXNativeTarget;
			buildConfigurationList = 54A7BD46205733BB002F9E04 /* Build configuration list for PBXNativeTarget "canvasTests" */;
			buildPhases = (
				54A7BD2B205733BB002F9E04 /* Sources */,
				54A7BD2C205733BB002F9E04 /* Frameworks */,
				54A7BD2D205733BB002F9E04 /* Resources */,
			);
			buildRules = (
			);
			dependencies = (
				54A7BD31205733BB002F9E04 /* PBXTargetDependency */,
			);
			name = canvasTests;
			productName = canvasTests;
			productReference = 54A7BD2F205733BB002F9E04 /* canvasTests.xctest */;
			productType = "com.apple.product-type.bundle.unit-test";
		};
		54A7BD39205733BB002F9E04 /* canvasUITests */ = {
			isa = PBXNativeTarget;
			buildConfigurationList = 54A7BD49205733BB002F9E04 /* Build configuration list for PBXNativeTarget "canvasUITests" */;
			buildPhases = (
				54A7BD36205733BB002F9E04 /* Sources */,
				54A7BD37205733BB002F9E04 /* Frameworks */,
				54A7BD38205733BB002F9E04 /* Resources */,
			);
			buildRules = (
			);
			dependencies = (
				54A7BD3C205733BB002F9E04 /* PBXTargetDependency */,
			);
			name = canvasUITests;
			productName = canvasUITests;
			productReference = 54A7BD3A205733BB002F9E04 /* canvasUITests.xctest */;
			productType = "com.apple.product-type.bundle.ui-testing";
		};
/* End PBXNativeTarget section */

/* Begin PBXProject section */
		54A7BD13205733BB002F9E04 /* Project object */ = {
			isa = PBXProject;
			attributes = {
				LastSwiftUpdateCheck = 0920;
				LastUpgradeCheck = 0920;
				ORGANIZATIONNAME = "Diego Medina";
				TargetAttributes = {
					54A7BD1A205733BB002F9E04 = {
						CreatedOnToolsVersion = 9.2;
						ProvisioningStyle = Automatic;
					};
					54A7BD2E205733BB002F9E04 = {
						CreatedOnToolsVersion = 9.2;
						ProvisioningStyle = Automatic;
						TestTargetID = 54A7BD1A205733BB002F9E04;
					};
					54A7BD39205733BB002F9E04 = {
						CreatedOnToolsVersion = 9.2;
						ProvisioningStyle = Automatic;
						TestTargetID = 54A7BD1A205733BB002F9E04;
					};
				};
			};
			buildConfigurationList = 54A7BD16205733BB002F9E04 /* Build configuration list for PBXProject "canvas" */;
			compatibilityVersion = "Xcode 8.0";
			developmentRegion = en;
			hasScannedForEncodings = 0;
			knownRegions = (
				en,
				Base,
			);
			mainGroup = 54A7BD12205733BB002F9E04;
			productRefGroup = 54A7BD1C205733BB002F9E04 /* Products */;
			projectDirPath = "";
			projectRoot = "";
			targets = (
				54A7BD1A205733BB002F9E04 /* canvas */,
				54A7BD2E205733BB002F9E04 /* canvasTests */,
				54A7BD39205733BB002F9E04 /* canvasUITests */,
			);
		};
/* End PBXProject section */

/* Begin PBXResourcesBuildPhase section */
		54A7BD19205733BB002F9E04 /* Resources */ = {
			isa = PBXResourcesBuildPhase;
			buildActionMask = 2147483647;
			files = (
				54A7BD29205733BB002F9E04 /* LaunchScreen.storyboard in Resources */,
				54A7BD26205733BB002F9E04 /* Assets.xcassets in Resources */,
				54A7BD24205733BB002F9E04 /* Main.storyboard in Resources */,
			);
			runOnlyForDeploymentPostprocessing = 0;
		};
		54A7BD2D205733BB002F9E04 /* Resources */ = {
			isa = PBXResourcesBuildPhase;
			buildActionMask = 2147483647;
			files = (
			);
			runOnlyForDeploymentPostprocessing = 0;
		};
		54A7BD38205733BB002F9E04 /* Resources */ = {
			isa = PBXResourcesBuildPhase;
			buildActionMask = 2147483647;
			files = (
			);
			runOnlyForDeploymentPostprocessing = 0;
		};
/* End PBXResourcesBuildPhase section */

/* Begin PBXSourcesBuildPhase section */
		54A7BD17205733BB002F9E04 /* Sources */ = {
			isa = PBXSourcesBuildPhase;
			buildActionMask = 2147483647;
			files = (
				54A7BD4E20573617002F9E04 /* CanvasViewController.swift in Sources */,
				54A7BD1F205733BB002F9E04 /* AppDelegate.swift in Sources */,
			);
			runOnlyForDeploymentPostprocessing = 0;
		};
		54A7BD2B205733BB002F9E04 /* Sources */ = {
			isa = PBXSourcesBuildPhase;
			buildActionMask = 2147483647;
			files = (
				54A7BD34205733BB002F9E04 /* canvasTests.swift in Sources */,
			);
			runOnlyForDeploymentPostprocessing = 0;
		};
		54A7BD36205733BB002F9E04 /* Sources */ = {
			isa = PBXSourcesBuildPhase;
			buildActionMask = 2147483647;
			files = (
				54A7BD3F205733BB002F9E04 /* canvasUITests.swift in Sources */,
			);
			runOnlyForDeploymentPostprocessing = 0;
		};
/* End PBXSourcesBuildPhase section */

/* Begin PBXTargetDependency section */
		54A7BD31205733BB002F9E04 /* PBXTargetDependency */ = {
			isa = PBXTargetDependency;
			target = 54A7BD1A205733BB002F9E04 /* canvas */;
			targetProxy = 54A7BD30205733BB002F9E04 /* PBXContainerItemProxy */;
		};
		54A7BD3C205733BB002F9E04 /* PBXTargetDependency */ = {
			isa = PBXTargetDependency;
			target = 54A7BD1A205733BB002F9E04 /* canvas */;
			targetProxy = 54A7BD3B205733BB002F9E04 /* PBXContainerItemProxy */;
		};
/* End PBXTargetDependency section */

/* Begin PBXVariantGroup section */
		54A7BD22205733BB002F9E04 /* Main.storyboard */ = {
			isa = PBXVariantGroup;
			children = (
				54A7BD23205733BB002F9E04 /* Base */,
			);
			name = Main.storyboard;
			sourceTree = "<group>";
		};
		54A7BD27205733BB002F9E04 /* LaunchScreen.storyboard */ = {
			isa = PBXVariantGroup;
			children = (
				54A7BD28205733BB002F9E04 /* Base */,
			);
			name = LaunchScreen.storyboard;
			sourceTree = "<group>";
		};
/* End PBXVariantGroup section */

/* Begin XCBuildConfiguration section */
		54A7BD41205733BB002F9E04 /* Debug */ = {
			isa = XCBuildConfiguration;
			buildSettings = {
				ALWAYS_SEARCH_USER_PATHS = NO;
				CLANG_ANALYZER_NONNULL = YES;
				CLANG_ANALYZER_NUMBER_OBJECT_CONVERSION = YES_AGGRESSIVE;
				CLANG_CXX_LANGUAGE_STANDARD = "gnu++14";
				CLANG_CXX_LIBRARY = "libc++";
				CLANG_ENABLE_MODULES = YES;
				CLANG_ENABLE_OBJC_ARC = YES;
				CLANG_WARN_BLOCK_CAPTURE_AUTORELEASING = YES;
				CLANG_WARN_BOOL_CONVERSION = YES;
				CLANG_WARN_COMMA = YES;
				CLANG_WARN_CONSTANT_CONVERSION = YES;
				CLANG_WARN_DIRECT_OBJC_ISA_USAGE = YES_ERROR;
				CLANG_WARN_DOCUMENTATION_COMMENTS = YES;
				CLANG_WARN_EMPTY_BODY = YES;
				CLANG_WARN_ENUM_CONVERSION = YES;
				CLANG_WARN_INFINITE_RECURSION = YES;
				CLANG_WARN_INT_CONVERSION = YES;
				CLANG_WARN_NON_LITERAL_NULL_CONVERSION = YES;
				CLANG_WARN_OBJC_LITERAL_CONVERSION = YES;
				CLANG_WARN_OBJC_ROOT_CLASS = YES_ERROR;
				CLANG_WARN_RANGE_LOOP_ANALYSIS = YES;
				CLANG_WARN_STRICT_PROTOTYPES = YES;
				CLANG_WARN_SUSPICIOUS_MOVE = YES;
				CLANG_WARN_UNGUARDED_AVAILABILITY = YES_AGGRESSIVE;
				CLANG_WARN_UNREACHABLE_CODE = YES;
				CLANG_WARN__DUPLICATE_METHOD_MATCH = YES;
				CODE_SIGN_IDENTITY = "iPhone Developer";
				COPY_PHASE_STRIP = NO;
				DEBUG_INFORMATION_FORMAT = dwarf;
				ENABLE_STRICT_OBJC_MSGSEND = YES;
				ENABLE_TESTABILITY = YES;
				GCC_C_LANGUAGE_STANDARD = gnu11;
				GCC_DYNAMIC_NO_PIC = NO;
				GCC_NO_COMMON_BLOCKS = YES;
				GCC_OPTIMIZATION_LEVEL = 0;
				GCC_PREPROCESSOR_DEFINITIONS = (
					"DEBUG=1",
					"$(inherited)",
				);
				GCC_WARN_64_TO_32_BIT_CONVERSION = YES;
				GCC_WARN_ABOUT_RETURN_TYPE = YES_ERROR;
				GCC_WARN_UNDECLARED_SELECTOR = YES;
				GCC_WARN_UNINITIALIZED_AUTOS = YES_AGGRESSIVE;
				GCC_WARN_UNUSED_FUNCTION = YES;
				GCC_WARN_UNUSED_VARIABLE = YES;
				IPHONEOS_DEPLOYMENT_TARGET = 11.2;
				MTL_ENABLE_DEBUG_INFO = YES;
				ONLY_ACTIVE_ARCH = YES;
				SDKROOT = iphoneos;
				SWIFT_ACTIVE_COMPILATION_CONDITIONS = DEBUG;
				SWIFT_OPTIMIZATION_LEVEL = "-Onone";
			};
			name = Debug;
		};
		54A7BD42205733BB002F9E04 /* Release */ = {
			isa = XCBuildConfiguration;
			buildSettings = {
				ALWAYS_SEARCH_USER_PATHS = NO;
				CLANG_ANALYZER_NONNULL = YES;
				CLANG_ANALYZER_NUMBER_OBJECT_CONVERSION = YES_AGGRESSIVE;
				CLANG_CXX_LANGUAGE_STANDARD = "gnu++14";
				CLANG_CXX_LIBRARY = "libc++";
				CLANG_ENABLE_MODULES = YES;
				CLANG_ENABLE_OBJC_ARC = YES;
				CLANG_WARN_BLOCK_CAPTURE_AUTORELEASING = YES;
				CLANG_WARN_BOOL_CONVERSION = YES;
				CLANG_WARN_COMMA = YES;
				CLANG_WARN_CONSTANT_CONVERSION = YES;
				CLANG_WARN_DIRECT_OBJC_ISA_USAGE = YES_ERROR;
				CLANG_WARN_DOCUMENTATION_COMMENTS = YES;
				CLANG_WARN_EMPTY_BODY = YES;
				CLANG_WARN_ENUM_CONVERSION = YES;
				CLANG_WARN_INFINITE_RECURSION = YES;
				CLANG_WARN_INT_CONVERSION = YES;
				CLANG_WARN_NON_LITERAL_NULL_CONVERSION = YES;
				CLANG_WARN_OBJC_LITERAL_CONVERSION = YES;
				CLANG_WARN_OBJC_ROOT_CLASS = YES_ERROR;
				CLANG_WARN_RANGE_LOOP_ANALYSIS = YES;
				CLANG_WARN_STRICT_PROTOTYPES = YES;
				CLANG_WARN_SUSPICIOUS_MOVE = YES;
				CLANG_WARN_UNGUARDED_AVAILABILITY = YES_AGGRESSIVE;
				CLANG_WARN_UNREACHABLE_CODE = YES;
				CLANG_WARN__DUPLICATE_METHOD_MATCH = YES;
				CODE_SIGN_IDENTITY = "iPhone Developer";
				COPY_PHASE_STRIP = NO;
				DEBUG_INFORMATION_FORMAT = "dwarf-with-dsym";
				ENABLE_NS_ASSERTIONS = NO;
				ENABLE_STRICT_OBJC_MSGSEND = YES;
				GCC_C_LANGUAGE_STANDARD = gnu11;
				GCC_NO_COMMON_BLOCKS = YES;
				GCC_WARN_64_TO_32_BIT_CONVERSION = YES;
				GCC_WARN_ABOUT_RETURN_TYPE = YES_ERROR;
				GCC_WARN_UNDECLARED_SELECTOR = YES;
				GCC_WARN_UNINITIALIZED_AUTOS = YES_AGGRESSIVE;
				GCC_WARN_UNUSED_FUNCTION = YES;
				GCC_WARN_UNUSED_VARIABLE = YES;
				IPHONEOS_DEPLOYMENT_TARGET = 11.2;
				MTL_ENABLE_DEBUG_INFO = NO;
				SDKROOT = iphoneos;
				SWIFT_OPTIMIZATION_LEVEL = "-Owholemodule";
				VALIDATE_PRODUCT = YES;
			};
			name = Release;
		};
		54A7BD44205733BB002F9E04 /* Debug */ = {
			isa = XCBuildConfiguration;
			buildSettings = {
				ASSETCATALOG_COMPILER_APPICON_NAME = AppIcon;
				CODE_SIGN_STYLE = Automatic;
				DEVELOPMENT_TEAM = 2KMUXZ44WH;
				INFOPLIST_FILE = canvas/Info.plist;
				LD_RUNPATH_SEARCH_PATHS = "$(inherited) @executable_path/Frameworks";
				PRODUCT_BUNDLE_IDENTIFIER = edu.csumb.DiMedina.canvas;
				PRODUCT_NAME = "$(TARGET_NAME)";
				SWIFT_VERSION = 4.0;
				TARGETED_DEVICE_FAMILY = "1,2";
			};
			name = Debug;
		};
		54A7BD45205733BB002F9E04 /* Release */ = {
			isa = XCBuildConfiguration;
			buildSettings = {
				ASSETCATALOG_COMPILER_APPICON_NAME = AppIcon;
				CODE_SIGN_STYLE = Automatic;
				DEVELOPMENT_TEAM = 2KMUXZ44WH;
				INFOPLIST_FILE = canvas/Info.plist;
				LD_RUNPATH_SEARCH_PATHS = "$(inherited) @executable_path/Frameworks";
				PRODUCT_BUNDLE_IDENTIFIER = edu.csumb.DiMedina.canvas;
				PRODUCT_NAME = "$(TARGET_NAME)";
				SWIFT_VERSION = 4.0;
				TARGETED_DEVICE_FAMILY = "1,2";
			};
			name = Release;
		};
		54A7BD47205733BB002F9E04 /* Debug */ = {
			isa = XCBuildConfiguration;
			buildSettings = {
				ALWAYS_EMBED_SWIFT_STANDARD_LIBRARIES = YES;
				BUNDLE_LOADER = "$(TEST_HOST)";
				CODE_SIGN_STYLE = Automatic;
				DEVELOPMENT_TEAM = 2KMUXZ44WH;
				INFOPLIST_FILE = canvasTests/Info.plist;
				LD_RUNPATH_SEARCH_PATHS = "$(inherited) @executable_path/Frameworks @loader_path/Frameworks";
				PRODUCT_BUNDLE_IDENTIFIER = edu.csumb.DiMedina.canvasTests;
				PRODUCT_NAME = "$(TARGET_NAME)";
				SWIFT_VERSION = 4.0;
				TARGETED_DEVICE_FAMILY = "1,2";
				TEST_HOST = "$(BUILT_PRODUCTS_DIR)/canvas.app/canvas";
			};
			name = Debug;
		};
		54A7BD48205733BB002F9E04 /* Release */ = {
			isa = XCBuildConfiguration;
			buildSettings = {
				ALWAYS_EMBED_SWIFT_STANDARD_LIBRARIES = YES;
				BUNDLE_LOADER = "$(TEST_HOST)";
				CODE_SIGN_STYLE = Automatic;
				DEVELOPMENT_TEAM = 2KMUXZ44WH;
				INFOPLIST_FILE = canvasTests/Info.plist;
				LD_RUNPATH_SEARCH_PATHS = "$(inherited) @executable_path/Frameworks @loader_path/Frameworks";
				PRODUCT_BUNDLE_IDENTIFIER = edu.csumb.DiMedina.canvasTests;
				PRODUCT_NAME = "$(TARGET_NAME)";
				SWIFT_VERSION = 4.0;
				TARGETED_DEVICE_FAMILY = "1,2";
				TEST_HOST = "$(BUILT_PRODUCTS_DIR)/canvas.app/canvas";
			};
			name = Release;
		};
		54A7BD4A205733BB002F9E04 /* Debug */ = {
			isa = XCBuildConfiguration;
			buildSettings = {
				ALWAYS_EMBED_SWIFT_STANDARD_LIBRARIES = YES;
				CODE_SIGN_STYLE = Automatic;
				DEVELOPMENT_TEAM = 2KMUXZ44WH;
				INFOPLIST_FILE = canvasUITests/Info.plist;
				LD_RUNPATH_SEARCH_PATHS = "$(inherited) @executable_path/Frameworks @loader_path/Frameworks";
				PRODUCT_BUNDLE_IDENTIFIER = edu.csumb.DiMedina.canvasUITests;
				PRODUCT_NAME = "$(TARGET_NAME)";
				SWIFT_VERSION = 4.0;
				TARGETED_DEVICE_FAMILY = "1,2";
				TEST_TARGET_NAME = canvas;
			};
			name = Debug;
		};
		54A7BD4B205733BB002F9E04 /* Release */ = {
			isa = XCBuildConfiguration;
			buildSettings = {
				ALWAYS_EMBED_SWIFT_STANDARD_LIBRARIES = YES;
				CODE_SIGN_STYLE = Automatic;
				DEVELOPMENT_TEAM = 2KMUXZ44WH;
				INFOPLIST_FILE = canvasUITests/Info.plist;
				LD_RUNPATH_SEARCH_PATHS = "$(inherited) @executable_path/Frameworks @loader_path/Frameworks";
				PRODUCT_BUNDLE_IDENTIFIER = edu.csumb.DiMedina.canvasUITests;
				PRODUCT_NAME = "$(TARGET_NAME)";
				SWIFT_VERSION = 4.0;
				TARGETED_DEVICE_FAMILY = "1,2";
				TEST_TARGET_NAME = canvas;
			};
			name = Release;
		};
/* End XCBuildConfiguration section */

/* Begin XCConfigurationList section */
		54A7BD16205733BB002F9E04 /* Build configuration list for PBXProject "canvas" */ = {
			isa = XCConfigurationList;
			buildConfigurations = (
				54A7BD41205733BB002F9E04 /* Debug */,
				54A7BD42205733BB002F9E04 /* Release */,
			);
			defaultConfigurationIsVisible = 0;
			defaultConfigurationName = Release;
		};
		54A7BD43205733BB002F9E04 /* Build configuration list for PBXNativeTarget "canvas" */ = {
			isa = XCConfigurationList;
			buildConfigurations = (
				54A7BD44205733BB002F9E04 /* Debug */,
				54A7BD45205733BB002F9E04 /* Release */,
			);
			defaultConfigurationIsVisible = 0;
			defaultConfigurationName = Release;
		};
		54A7BD46205733BB002F9E04 /* Build configuration list for PBXNativeTarget "canvasTests" */ = {
			isa = XCConfigurationList;
			buildConfigurations = (
				54A7BD47205733BB002F9E04 /* Debug */,
				54A7BD48205733BB002F9E04 /* Release */,
			);
			defaultConfigurationIsVisible = 0;
			defaultConfigurationName = Release;
		};
		54A7BD49205733BB002F9E04 /* Build configuration list for PBXNativeTarget "canvasUITests" */ = {
			isa = XCConfigurationList;
			buildConfigurations = (
				54A7BD4A205733BB002F9E04 /* Debug */,
				54A7BD4B205733BB002F9E04 /* Release */,
			);
			defaultConfigurationIsVisible = 0;
			defaultConfigurationName = Release;
		};
/* End XCConfigurationList section */
	};
	rootObject = 54A7BD13205733BB002F9E04 /* Project object */;
}
